// !$*UTF8*$!
{
	archiveVersion = 1;
	classes = {
	};
	objectVersion = 56;
	objects = {

/* Begin PBXBuildFile section */
		4E0ABC262B38527500B585DA /* ExpirationListVC.swift in Sources */ = {isa = PBXBuildFile; fileRef = 4E0ABC252B38527500B585DA /* ExpirationListVC.swift */; };
		4E0ABC282B385A4700B585DA /* ExpirationCreateVC.swift in Sources */ = {isa = PBXBuildFile; fileRef = 4E0ABC272B385A4700B585DA /* ExpirationCreateVC.swift */; };
		4E0ABC2B2B385B3800B585DA /* CustomImageView.swift in Sources */ = {isa = PBXBuildFile; fileRef = 4E0ABC2A2B385B3800B585DA /* CustomImageView.swift */; };
		4E3D49B62B3590D500D4A1D1 /* Model.xcdatamodeld in Sources */ = {isa = PBXBuildFile; fileRef = 4E3D49B42B3590D500D4A1D1 /* Model.xcdatamodeld */; };
		4E3D49B82B35BF0B00D4A1D1 /* DataManager.swift in Sources */ = {isa = PBXBuildFile; fileRef = 4E3D49B72B35BF0B00D4A1D1 /* DataManager.swift */; };
		4E6D0AF32B317BB900A59BF4 /* CustomTableView.swift in Sources */ = {isa = PBXBuildFile; fileRef = 4E6D0AF22B317BB900A59BF4 /* CustomTableView.swift */; };
		4E7F05D82B3713E000822B55 /* CalenderService.swift in Sources */ = {isa = PBXBuildFile; fileRef = 4E7F05D72B3713E000822B55 /* CalenderService.swift */; };
		4E7F05DA2B3717AE00822B55 /* CustomLabel.swift in Sources */ = {isa = PBXBuildFile; fileRef = 4E7F05D92B3717AE00822B55 /* CustomLabel.swift */; };
		4E7F05DC2B37180600822B55 /* CustomTextField.swift in Sources */ = {isa = PBXBuildFile; fileRef = 4E7F05DB2B37180600822B55 /* CustomTextField.swift */; };
		4E7F05DE2B37183B00822B55 /* CustomButton.swift in Sources */ = {isa = PBXBuildFile; fileRef = 4E7F05DD2B37183B00822B55 /* CustomButton.swift */; };
		4E7F05E02B37187600822B55 /* CustomStackView.swift in Sources */ = {isa = PBXBuildFile; fileRef = 4E7F05DF2B37187600822B55 /* CustomStackView.swift */; };
		4E937CED2B31DE2800C574D9 /* ExpirationListCell.swift in Sources */ = {isa = PBXBuildFile; fileRef = 4E937CEC2B31DE2800C574D9 /* ExpirationListCell.swift */; };
		4E937CEF2B31E4FC00C574D9 /* StocCategorykCell.swift in Sources */ = {isa = PBXBuildFile; fileRef = 4E937CEE2B31E4FC00C574D9 /* StocCategorykCell.swift */; };
		4E937CF12B320FF700C574D9 /* CoreDataService.swift in Sources */ = {isa = PBXBuildFile; fileRef = 4E937CF02B320FF700C574D9 /* CoreDataService.swift */; };
		4EB726002B29DF9700B9990A /* AppDelegate.swift in Sources */ = {isa = PBXBuildFile; fileRef = 4EB725FF2B29DF9700B9990A /* AppDelegate.swift */; };
		4EB726022B29DF9700B9990A /* SceneDelegate.swift in Sources */ = {isa = PBXBuildFile; fileRef = 4EB726012B29DF9700B9990A /* SceneDelegate.swift */; };
		4EB726042B29DF9700B9990A /* ExpirationCalendarVC.swift in Sources */ = {isa = PBXBuildFile; fileRef = 4EB726032B29DF9700B9990A /* ExpirationCalendarVC.swift */; };
		4EB726072B29DF9700B9990A /* Main.storyboard in Resources */ = {isa = PBXBuildFile; fileRef = 4EB726052B29DF9700B9990A /* Main.storyboard */; };
		4EB726092B29DF9800B9990A /* Assets.xcassets in Resources */ = {isa = PBXBuildFile; fileRef = 4EB726082B29DF9800B9990A /* Assets.xcassets */; };
		4EB7260C2B29DF9800B9990A /* LaunchScreen.storyboard in Resources */ = {isa = PBXBuildFile; fileRef = 4EB7260A2B29DF9800B9990A /* LaunchScreen.storyboard */; };
		4EC696D22B2AD6FE000EDE9B /* StockVC.swift in Sources */ = {isa = PBXBuildFile; fileRef = 4EC696D12B2AD6FE000EDE9B /* StockVC.swift */; };
		4EC696D42B2AD709000EDE9B /* SalaryVC.swift in Sources */ = {isa = PBXBuildFile; fileRef = 4EC696D32B2AD708000EDE9B /* SalaryVC.swift */; };
		4EC696D62B2AD725000EDE9B /* ExpirationListViewModel.swift in Sources */ = {isa = PBXBuildFile; fileRef = 4EC696D52B2AD725000EDE9B /* ExpirationListViewModel.swift */; };
		4EC696D82B2AD736000EDE9B /* StockViewModel.swift in Sources */ = {isa = PBXBuildFile; fileRef = 4EC696D72B2AD736000EDE9B /* StockViewModel.swift */; };
		4EC696DA2B2AD742000EDE9B /* SalaryViewModel.swift in Sources */ = {isa = PBXBuildFile; fileRef = 4EC696D92B2AD742000EDE9B /* SalaryViewModel.swift */; };
		4EC696E22B2AE3E3000EDE9B /* ViewModelInjectable.swift in Sources */ = {isa = PBXBuildFile; fileRef = 4EC696E12B2AE3E3000EDE9B /* ViewModelInjectable.swift */; };
		4EC696E42B2AE526000EDE9B /* TabBarController.swift in Sources */ = {isa = PBXBuildFile; fileRef = 4EC696E32B2AE526000EDE9B /* TabBarController.swift */; };
/* End PBXBuildFile section */

/* Begin PBXFileReference section */
		4E0ABC252B38527500B585DA /* ExpirationListVC.swift */ = {isa = PBXFileReference; lastKnownFileType = sourcecode.swift; path = ExpirationListVC.swift; sourceTree = "<group>"; };
		4E0ABC272B385A4700B585DA /* ExpirationCreateVC.swift */ = {isa = PBXFileReference; lastKnownFileType = sourcecode.swift; path = ExpirationCreateVC.swift; sourceTree = "<group>"; };
		4E0ABC2A2B385B3800B585DA /* CustomImageView.swift */ = {isa = PBXFileReference; lastKnownFileType = sourcecode.swift; path = CustomImageView.swift; sourceTree = "<group>"; };
		4E3D49B52B3590D500D4A1D1 /* Model.xcdatamodel */ = {isa = PBXFileReference; lastKnownFileType = wrapper.xcdatamodel; path = Model.xcdatamodel; sourceTree = "<group>"; };
		4E3D49B72B35BF0B00D4A1D1 /* DataManager.swift */ = {isa = PBXFileReference; lastKnownFileType = sourcecode.swift; path = DataManager.swift; sourceTree = "<group>"; };
		4E6D0AF22B317BB900A59BF4 /* CustomTableView.swift */ = {isa = PBXFileReference; lastKnownFileType = sourcecode.swift; path = CustomTableView.swift; sourceTree = "<group>"; };
		4E7F05D72B3713E000822B55 /* CalenderService.swift */ = {isa = PBXFileReference; lastKnownFileType = sourcecode.swift; path = CalenderService.swift; sourceTree = "<group>"; };
		4E7F05D92B3717AE00822B55 /* CustomLabel.swift */ = {isa = PBXFileReference; lastKnownFileType = sourcecode.swift; path = CustomLabel.swift; sourceTree = "<group>"; };
		4E7F05DB2B37180600822B55 /* CustomTextField.swift */ = {isa = PBXFileReference; lastKnownFileType = sourcecode.swift; path = CustomTextField.swift; sourceTree = "<group>"; };
		4E7F05DD2B37183B00822B55 /* CustomButton.swift */ = {isa = PBXFileReference; lastKnownFileType = sourcecode.swift; path = CustomButton.swift; sourceTree = "<group>"; };
		4E7F05DF2B37187600822B55 /* CustomStackView.swift */ = {isa = PBXFileReference; lastKnownFileType = sourcecode.swift; path = CustomStackView.swift; sourceTree = "<group>"; };
		4E937CEC2B31DE2800C574D9 /* ExpirationListCell.swift */ = {isa = PBXFileReference; lastKnownFileType = sourcecode.swift; path = ExpirationListCell.swift; sourceTree = "<group>"; };
		4E937CEE2B31E4FC00C574D9 /* StocCategorykCell.swift */ = {isa = PBXFileReference; lastKnownFileType = sourcecode.swift; path = StocCategorykCell.swift; sourceTree = "<group>"; };
		4E937CF02B320FF700C574D9 /* CoreDataService.swift */ = {isa = PBXFileReference; lastKnownFileType = sourcecode.swift; path = CoreDataService.swift; sourceTree = "<group>"; };
		4EB725FC2B29DF9700B9990A /* Pyeon-Duck.app */ = {isa = PBXFileReference; explicitFileType = wrapper.application; includeInIndex = 0; path = "Pyeon-Duck.app"; sourceTree = BUILT_PRODUCTS_DIR; };
		4EB725FF2B29DF9700B9990A /* AppDelegate.swift */ = {isa = PBXFileReference; lastKnownFileType = sourcecode.swift; path = AppDelegate.swift; sourceTree = "<group>"; };
		4EB726012B29DF9700B9990A /* SceneDelegate.swift */ = {isa = PBXFileReference; lastKnownFileType = sourcecode.swift; path = SceneDelegate.swift; sourceTree = "<group>"; };
		4EB726032B29DF9700B9990A /* ExpirationCalendarVC.swift */ = {isa = PBXFileReference; lastKnownFileType = sourcecode.swift; path = ExpirationCalendarVC.swift; sourceTree = "<group>"; };
		4EB726062B29DF9700B9990A /* Base */ = {isa = PBXFileReference; lastKnownFileType = file.storyboard; name = Base; path = Base.lproj/Main.storyboard; sourceTree = "<group>"; };
		4EB726082B29DF9800B9990A /* Assets.xcassets */ = {isa = PBXFileReference; lastKnownFileType = folder.assetcatalog; path = Assets.xcassets; sourceTree = "<group>"; };
		4EB7260B2B29DF9800B9990A /* Base */ = {isa = PBXFileReference; lastKnownFileType = file.storyboard; name = Base; path = Base.lproj/LaunchScreen.storyboard; sourceTree = "<group>"; };
		4EB7260D2B29DF9800B9990A /* Info.plist */ = {isa = PBXFileReference; lastKnownFileType = text.plist.xml; path = Info.plist; sourceTree = "<group>"; };
		4EC696D12B2AD6FE000EDE9B /* StockVC.swift */ = {isa = PBXFileReference; lastKnownFileType = sourcecode.swift; path = StockVC.swift; sourceTree = "<group>"; };
		4EC696D32B2AD708000EDE9B /* SalaryVC.swift */ = {isa = PBXFileReference; lastKnownFileType = sourcecode.swift; path = SalaryVC.swift; sourceTree = "<group>"; };
		4EC696D52B2AD725000EDE9B /* ExpirationListViewModel.swift */ = {isa = PBXFileReference; lastKnownFileType = sourcecode.swift; path = ExpirationListViewModel.swift; sourceTree = "<group>"; };
		4EC696D72B2AD736000EDE9B /* StockViewModel.swift */ = {isa = PBXFileReference; lastKnownFileType = sourcecode.swift; path = StockViewModel.swift; sourceTree = "<group>"; };
		4EC696D92B2AD742000EDE9B /* SalaryViewModel.swift */ = {isa = PBXFileReference; lastKnownFileType = sourcecode.swift; path = SalaryViewModel.swift; sourceTree = "<group>"; };
		4EC696E12B2AE3E3000EDE9B /* ViewModelInjectable.swift */ = {isa = PBXFileReference; lastKnownFileType = sourcecode.swift; path = ViewModelInjectable.swift; sourceTree = "<group>"; };
		4EC696E32B2AE526000EDE9B /* TabBarController.swift */ = {isa = PBXFileReference; lastKnownFileType = sourcecode.swift; path = TabBarController.swift; sourceTree = "<group>"; };
/* End PBXFileReference section */

/* Begin PBXFrameworksBuildPhase section */
		4EB725F92B29DF9700B9990A /* Frameworks */ = {
			isa = PBXFrameworksBuildPhase;
			buildActionMask = 2147483647;
			files = (
			);
			runOnlyForDeploymentPostprocessing = 0;
		};
/* End PBXFrameworksBuildPhase section */

/* Begin PBXGroup section */
		4E0ABC292B385A4C00B585DA /* Expirations */ = {
			isa = PBXGroup;
			children = (
				4EB726032B29DF9700B9990A /* ExpirationCalendarVC.swift */,
				4E0ABC252B38527500B585DA /* ExpirationListVC.swift */,
				4E0ABC272B385A4700B585DA /* ExpirationCreateVC.swift */,
			);
			path = Expirations;
			sourceTree = "<group>";
		};
		4E3E027E2B3082E30091D6DD /* Subcomponents */ = {
			isa = PBXGroup;
			children = (
				4E6D0AF22B317BB900A59BF4 /* CustomTableView.swift */,
				4E7F05D92B3717AE00822B55 /* CustomLabel.swift */,
				4E7F05DB2B37180600822B55 /* CustomTextField.swift */,
				4E7F05DD2B37183B00822B55 /* CustomButton.swift */,
				4E7F05DF2B37187600822B55 /* CustomStackView.swift */,
				4E0ABC2A2B385B3800B585DA /* CustomImageView.swift */,
			);
			path = Subcomponents;
			sourceTree = "<group>";
		};
		4E937CEB2B31DE0A00C574D9 /* Cells */ = {
			isa = PBXGroup;
			children = (
				4E937CEC2B31DE2800C574D9 /* ExpirationListCell.swift */,
				4E937CEE2B31E4FC00C574D9 /* StocCategorykCell.swift */,
			);
			path = Cells;
			sourceTree = "<group>";
		};
		4EB725F32B29DF9700B9990A = {
			isa = PBXGroup;
			children = (
				4EB725FE2B29DF9700B9990A /* Pyeon-Duck */,
				4EB725FD2B29DF9700B9990A /* Products */,
			);
			sourceTree = "<group>";
		};
		4EB725FD2B29DF9700B9990A /* Products */ = {
			isa = PBXGroup;
			children = (
				4EB725FC2B29DF9700B9990A /* Pyeon-Duck.app */,
			);
			name = Products;
			sourceTree = "<group>";
		};
		4EB725FE2B29DF9700B9990A /* Pyeon-Duck */ = {
			isa = PBXGroup;
			children = (
				4EC696D02B2AD1C1000EDE9B /* Resources */,
				4EC696CD2B2AD13F000EDE9B /* Models */,
				4EC696CF2B2AD18E000EDE9B /* ViewModels */,
				4EC696CE2B2AD181000EDE9B /* Views */,
				4EB7260D2B29DF9800B9990A /* Info.plist */,
			);
			path = "Pyeon-Duck";
			sourceTree = "<group>";
		};
		4EC696CD2B2AD13F000EDE9B /* Models */ = {
			isa = PBXGroup;
			children = (
				4EC696E12B2AE3E3000EDE9B /* ViewModelInjectable.swift */,
				4E937CF02B320FF700C574D9 /* CoreDataService.swift */,
				4E3D49B72B35BF0B00D4A1D1 /* DataManager.swift */,
				4E7F05D72B3713E000822B55 /* CalenderService.swift */,
				4E3D49B42B3590D500D4A1D1 /* Model.xcdatamodeld */,
			);
			path = Models;
			sourceTree = "<group>";
		};
		4EC696CE2B2AD181000EDE9B /* Views */ = {
			isa = PBXGroup;
			children = (
				4E3E027E2B3082E30091D6DD /* Subcomponents */,
				4E937CEB2B31DE0A00C574D9 /* Cells */,
				4EC696E32B2AE526000EDE9B /* TabBarController.swift */,
				4E0ABC292B385A4C00B585DA /* Expirations */,
				4EC696D12B2AD6FE000EDE9B /* StockVC.swift */,
				4EC696D32B2AD708000EDE9B /* SalaryVC.swift */,
				4EB726052B29DF9700B9990A /* Main.storyboard */,
			);
			path = Views;
			sourceTree = "<group>";
		};
		4EC696CF2B2AD18E000EDE9B /* ViewModels */ = {
			isa = PBXGroup;
			children = (
				4EC696D52B2AD725000EDE9B /* ExpirationListViewModel.swift */,
				4EC696D72B2AD736000EDE9B /* StockViewModel.swift */,
				4EC696D92B2AD742000EDE9B /* SalaryViewModel.swift */,
			);
			path = ViewModels;
			sourceTree = "<group>";
		};
		4EC696D02B2AD1C1000EDE9B /* Resources */ = {
			isa = PBXGroup;
			children = (
				4EB725FF2B29DF9700B9990A /* AppDelegate.swift */,
				4EB726012B29DF9700B9990A /* SceneDelegate.swift */,
				4EB726082B29DF9800B9990A /* Assets.xcassets */,
				4EB7260A2B29DF9800B9990A /* LaunchScreen.storyboard */,
			);
			path = Resources;
			sourceTree = "<group>";
		};
/* End PBXGroup section */

/* Begin PBXNativeTarget section */
		4EB725FB2B29DF9700B9990A /* Pyeon-Duck */ = {
			isa = PBXNativeTarget;
			buildConfigurationList = 4EB726102B29DF9800B9990A /* Build configuration list for PBXNativeTarget "Pyeon-Duck" */;
			buildPhases = (
				4EB725F82B29DF9700B9990A /* Sources */,
				4EB725F92B29DF9700B9990A /* Frameworks */,
				4EB725FA2B29DF9700B9990A /* Resources */,
			);
			buildRules = (
			);
			dependencies = (
			);
			name = "Pyeon-Duck";
			productName = "Pyeon-Duck";
			productReference = 4EB725FC2B29DF9700B9990A /* Pyeon-Duck.app */;
			productType = "com.apple.product-type.application";
		};
/* End PBXNativeTarget section */

/* Begin PBXProject section */
		4EB725F42B29DF9700B9990A /* Project object */ = {
			isa = PBXProject;
			attributes = {
				BuildIndependentTargetsInParallel = 1;
				LastSwiftUpdateCheck = 1510;
				LastUpgradeCheck = 1510;
				TargetAttributes = {
					4EB725FB2B29DF9700B9990A = {
						CreatedOnToolsVersion = 15.1;
					};
				};
			};
			buildConfigurationList = 4EB725F72B29DF9700B9990A /* Build configuration list for PBXProject "Pyeon-Duck" */;
			compatibilityVersion = "Xcode 14.0";
			developmentRegion = en;
			hasScannedForEncodings = 0;
			knownRegions = (
				en,
				Base,
			);
			mainGroup = 4EB725F32B29DF9700B9990A;
			productRefGroup = 4EB725FD2B29DF9700B9990A /* Products */;
			projectDirPath = "";
			projectRoot = "";
			targets = (
				4EB725FB2B29DF9700B9990A /* Pyeon-Duck */,
			);
		};
/* End PBXProject section */

/* Begin PBXResourcesBuildPhase section */
		4EB725FA2B29DF9700B9990A /* Resources */ = {
			isa = PBXResourcesBuildPhase;
			buildActionMask = 2147483647;
			files = (
				4EB7260C2B29DF9800B9990A /* LaunchScreen.storyboard in Resources */,
				4EB726092B29DF9800B9990A /* Assets.xcassets in Resources */,
				4EB726072B29DF9700B9990A /* Main.storyboard in Resources */,
			);
			runOnlyForDeploymentPostprocessing = 0;
		};
/* End PBXResourcesBuildPhase section */

/* Begin PBXSourcesBuildPhase section */
		4EB725F82B29DF9700B9990A /* Sources */ = {
			isa = PBXSourcesBuildPhase;
			buildActionMask = 2147483647;
			files = (
				4EC696DA2B2AD742000EDE9B /* SalaryViewModel.swift in Sources */,
				4E0ABC2B2B385B3800B585DA /* CustomImageView.swift in Sources */,
				4E7F05E02B37187600822B55 /* CustomStackView.swift in Sources */,
				4E3D49B82B35BF0B00D4A1D1 /* DataManager.swift in Sources */,
				4E937CED2B31DE2800C574D9 /* ExpirationListCell.swift in Sources */,
				4EC696E42B2AE526000EDE9B /* TabBarController.swift in Sources */,
				4E937CEF2B31E4FC00C574D9 /* StocCategorykCell.swift in Sources */,
				4EB726042B29DF9700B9990A /* ExpirationCalendarVC.swift in Sources */,
				4E0ABC282B385A4700B585DA /* ExpirationCreateVC.swift in Sources */,
				4EC696D62B2AD725000EDE9B /* ExpirationListViewModel.swift in Sources */,
				4E7F05D82B3713E000822B55 /* CalenderService.swift in Sources */,
				4E6D0AF32B317BB900A59BF4 /* CustomTableView.swift in Sources */,
				4E7F05DA2B3717AE00822B55 /* CustomLabel.swift in Sources */,
				4EC696D22B2AD6FE000EDE9B /* StockVC.swift in Sources */,
				4EC696E22B2AE3E3000EDE9B /* ViewModelInjectable.swift in Sources */,
				4E7F05DC2B37180600822B55 /* CustomTextField.swift in Sources */,
				4EB726002B29DF9700B9990A /* AppDelegate.swift in Sources */,
				4EC696D42B2AD709000EDE9B /* SalaryVC.swift in Sources */,
				4EB726022B29DF9700B9990A /* SceneDelegate.swift in Sources */,
				4E7F05DE2B37183B00822B55 /* CustomButton.swift in Sources */,
				4E937CF12B320FF700C574D9 /* CoreDataService.swift in Sources */,
				4E3D49B62B3590D500D4A1D1 /* Model.xcdatamodeld in Sources */,
				4EC696D82B2AD736000EDE9B /* StockViewModel.swift in Sources */,
				4E0ABC262B38527500B585DA /* ExpirationListVC.swift in Sources */,
			);
			runOnlyForDeploymentPostprocessing = 0;
		};
/* End PBXSourcesBuildPhase section */

/* Begin PBXVariantGroup section */
		4EB726052B29DF9700B9990A /* Main.storyboard */ = {
			isa = PBXVariantGroup;
			children = (
				4EB726062B29DF9700B9990A /* Base */,
			);
			name = Main.storyboard;
			sourceTree = "<group>";
		};
		4EB7260A2B29DF9800B9990A /* LaunchScreen.storyboard */ = {
			isa = PBXVariantGroup;
			children = (
				4EB7260B2B29DF9800B9990A /* Base */,
			);
			name = LaunchScreen.storyboard;
			sourceTree = "<group>";
		};
/* End PBXVariantGroup section */

/* Begin XCBuildConfiguration section */
		4EB7260E2B29DF9800B9990A /* Debug */ = {
			isa = XCBuildConfiguration;
			buildSettings = {
				ALWAYS_SEARCH_USER_PATHS = NO;
				ASSETCATALOG_COMPILER_GENERATE_SWIFT_ASSET_SYMBOL_EXTENSIONS = YES;
				CLANG_ANALYZER_NONNULL = YES;
				CLANG_ANALYZER_NUMBER_OBJECT_CONVERSION = YES_AGGRESSIVE;
				CLANG_CXX_LANGUAGE_STANDARD = "gnu++20";
				CLANG_ENABLE_MODULES = YES;
				CLANG_ENABLE_OBJC_ARC = YES;
				CLANG_ENABLE_OBJC_WEAK = YES;
				CLANG_WARN_BLOCK_CAPTURE_AUTORELEASING = YES;
				CLANG_WARN_BOOL_CONVERSION = YES;
				CLANG_WARN_COMMA = YES;
				CLANG_WARN_CONSTANT_CONVERSION = YES;
				CLANG_WARN_DEPRECATED_OBJC_IMPLEMENTATIONS = YES;
				CLANG_WARN_DIRECT_OBJC_ISA_USAGE = YES_ERROR;
				CLANG_WARN_DOCUMENTATION_COMMENTS = YES;
				CLANG_WARN_EMPTY_BODY = YES;
				CLANG_WARN_ENUM_CONVERSION = YES;
				CLANG_WARN_INFINITE_RECURSION = YES;
				CLANG_WARN_INT_CONVERSION = YES;
				CLANG_WARN_NON_LITERAL_NULL_CONVERSION = YES;
				CLANG_WARN_OBJC_IMPLICIT_RETAIN_SELF = YES;
				CLANG_WARN_OBJC_LITERAL_CONVERSION = YES;
				CLANG_WARN_OBJC_ROOT_CLASS = YES_ERROR;
				CLANG_WARN_QUOTED_INCLUDE_IN_FRAMEWORK_HEADER = YES;
				CLANG_WARN_RANGE_LOOP_ANALYSIS = YES;
				CLANG_WARN_STRICT_PROTOTYPES = YES;
				CLANG_WARN_SUSPICIOUS_MOVE = YES;
				CLANG_WARN_UNGUARDED_AVAILABILITY = YES_AGGRESSIVE;
				CLANG_WARN_UNREACHABLE_CODE = YES;
				CLANG_WARN__DUPLICATE_METHOD_MATCH = YES;
				COPY_PHASE_STRIP = NO;
				DEBUG_INFORMATION_FORMAT = dwarf;
				ENABLE_STRICT_OBJC_MSGSEND = YES;
				ENABLE_TESTABILITY = YES;
				ENABLE_USER_SCRIPT_SANDBOXING = YES;
				GCC_C_LANGUAGE_STANDARD = gnu17;
				GCC_DYNAMIC_NO_PIC = NO;
				GCC_NO_COMMON_BLOCKS = YES;
				GCC_OPTIMIZATION_LEVEL = 0;
				GCC_PREPROCESSOR_DEFINITIONS = (
					"DEBUG=1",
					"$(inherited)",
				);
				GCC_WARN_64_TO_32_BIT_CONVERSION = YES;
				GCC_WARN_ABOUT_RETURN_TYPE = YES_ERROR;
				GCC_WARN_UNDECLARED_SELECTOR = YES;
				GCC_WARN_UNINITIALIZED_AUTOS = YES_AGGRESSIVE;
				GCC_WARN_UNUSED_FUNCTION = YES;
				GCC_WARN_UNUSED_VARIABLE = YES;
				IPHONEOS_DEPLOYMENT_TARGET = 17.2;
				LOCALIZATION_PREFERS_STRING_CATALOGS = YES;
				MTL_ENABLE_DEBUG_INFO = INCLUDE_SOURCE;
				MTL_FAST_MATH = YES;
				ONLY_ACTIVE_ARCH = YES;
				SDKROOT = iphoneos;
				SWIFT_ACTIVE_COMPILATION_CONDITIONS = "DEBUG $(inherited)";
				SWIFT_OPTIMIZATION_LEVEL = "-Onone";
			};
			name = Debug;
		};
		4EB7260F2B29DF9800B9990A /* Release */ = {
			isa = XCBuildConfiguration;
			buildSettings = {
				ALWAYS_SEARCH_USER_PATHS = NO;
				ASSETCATALOG_COMPILER_GENERATE_SWIFT_ASSET_SYMBOL_EXTENSIONS = YES;
				CLANG_ANALYZER_NONNULL = YES;
				CLANG_ANALYZER_NUMBER_OBJECT_CONVERSION = YES_AGGRESSIVE;
				CLANG_CXX_LANGUAGE_STANDARD = "gnu++20";
				CLANG_ENABLE_MODULES = YES;
				CLANG_ENABLE_OBJC_ARC = YES;
				CLANG_ENABLE_OBJC_WEAK = YES;
				CLANG_WARN_BLOCK_CAPTURE_AUTORELEASING = YES;
				CLANG_WARN_BOOL_CONVERSION = YES;
				CLANG_WARN_COMMA = YES;
				CLANG_WARN_CONSTANT_CONVERSION = YES;
				CLANG_WARN_DEPRECATED_OBJC_IMPLEMENTATIONS = YES;
				CLANG_WARN_DIRECT_OBJC_ISA_USAGE = YES_ERROR;
				CLANG_WARN_DOCUMENTATION_COMMENTS = YES;
				CLANG_WARN_EMPTY_BODY = YES;
				CLANG_WARN_ENUM_CONVERSION = YES;
				CLANG_WARN_INFINITE_RECURSION = YES;
				CLANG_WARN_INT_CONVERSION = YES;
				CLANG_WARN_NON_LITERAL_NULL_CONVERSION = YES;
				CLANG_WARN_OBJC_IMPLICIT_RETAIN_SELF = YES;
				CLANG_WARN_OBJC_LITERAL_CONVERSION = YES;
				CLANG_WARN_OBJC_ROOT_CLASS = YES_ERROR;
				CLANG_WARN_QUOTED_INCLUDE_IN_FRAMEWORK_HEADER = YES;
				CLANG_WARN_RANGE_LOOP_ANALYSIS = YES;
				CLANG_WARN_STRICT_PROTOTYPES = YES;
				CLANG_WARN_SUSPICIOUS_MOVE = YES;
				CLANG_WARN_UNGUARDED_AVAILABILITY = YES_AGGRESSIVE;
				CLANG_WARN_UNREACHABLE_CODE = YES;
				CLANG_WARN__DUPLICATE_METHOD_MATCH = YES;
				COPY_PHASE_STRIP = NO;
				DEBUG_INFORMATION_FORMAT = "dwarf-with-dsym";
				ENABLE_NS_ASSERTIONS = NO;
				ENABLE_STRICT_OBJC_MSGSEND = YES;
				ENABLE_USER_SCRIPT_SANDBOXING = YES;
				GCC_C_LANGUAGE_STANDARD = gnu17;
				GCC_NO_COMMON_BLOCKS = YES;
				GCC_WARN_64_TO_32_BIT_CONVERSION = YES;
				GCC_WARN_ABOUT_RETURN_TYPE = YES_ERROR;
				GCC_WARN_UNDECLARED_SELECTOR = YES;
				GCC_WARN_UNINITIALIZED_AUTOS = YES_AGGRESSIVE;
				GCC_WARN_UNUSED_FUNCTION = YES;
				GCC_WARN_UNUSED_VARIABLE = YES;
				IPHONEOS_DEPLOYMENT_TARGET = 17.2;
				LOCALIZATION_PREFERS_STRING_CATALOGS = YES;
				MTL_ENABLE_DEBUG_INFO = NO;
				MTL_FAST_MATH = YES;
				SDKROOT = iphoneos;
				SWIFT_COMPILATION_MODE = wholemodule;
				VALIDATE_PRODUCT = YES;
			};
			name = Release;
		};
		4EB726112B29DF9800B9990A /* Debug */ = {
			isa = XCBuildConfiguration;
			buildSettings = {
				ASSETCATALOG_COMPILER_APPICON_NAME = AppIcon;
				ASSETCATALOG_COMPILER_GLOBAL_ACCENT_COLOR_NAME = AccentColor;
				CODE_SIGN_STYLE = Automatic;
				CURRENT_PROJECT_VERSION = 1;
				DEVELOPMENT_TEAM = 4MN45GZSDT;
				GENERATE_INFOPLIST_FILE = YES;
				INFOPLIST_FILE = "Pyeon-Duck/Info.plist";
				INFOPLIST_KEY_UIApplicationSupportsIndirectInputEvents = YES;
				INFOPLIST_KEY_UILaunchStoryboardName = LaunchScreen;
				INFOPLIST_KEY_UIMainStoryboardFile = Main;
				INFOPLIST_KEY_UISupportedInterfaceOrientations_iPad = "UIInterfaceOrientationPortrait UIInterfaceOrientationPortraitUpsideDown UIInterfaceOrientationLandscapeLeft UIInterfaceOrientationLandscapeRight";
				INFOPLIST_KEY_UISupportedInterfaceOrientations_iPhone = "UIInterfaceOrientationPortrait UIInterfaceOrientationLandscapeLeft UIInterfaceOrientationLandscapeRight";
				IPHONEOS_DEPLOYMENT_TARGET = 16.0;
				LD_RUNPATH_SEARCH_PATHS = (
					"$(inherited)",
					"@executable_path/Frameworks",
				);
				MARKETING_VERSION = 1.0;
				PRODUCT_BUNDLE_IDENTIFIER = "com.Junwoo.Jununu.Pyeon-Duck";
				PRODUCT_NAME = "$(TARGET_NAME)";
				SWIFT_EMIT_LOC_STRINGS = YES;
				SWIFT_VERSION = 5.0;
				TARGETED_DEVICE_FAMILY = "1,2";
			};
			name = Debug;
		};
		4EB726122B29DF9800B9990A /* Release */ = {
			isa = XCBuildConfiguration;
			buildSettings = {
				ASSETCATALOG_COMPILER_APPICON_NAME = AppIcon;
				ASSETCATALOG_COMPILER_GLOBAL_ACCENT_COLOR_NAME = AccentColor;
				CODE_SIGN_STYLE = Automatic;
				CURRENT_PROJECT_VERSION = 1;
				DEVELOPMENT_TEAM = 4MN45GZSDT;
				GENERATE_INFOPLIST_FILE = YES;
				INFOPLIST_FILE = "Pyeon-Duck/Info.plist";
				INFOPLIST_KEY_UIApplicationSupportsIndirectInputEvents = YES;
				INFOPLIST_KEY_UILaunchStoryboardName = LaunchScreen;
				INFOPLIST_KEY_UIMainStoryboardFile = Main;
				INFOPLIST_KEY_UISupportedInterfaceOrientations_iPad = "UIInterfaceOrientationPortrait UIInterfaceOrientationPortraitUpsideDown UIInterfaceOrientationLandscapeLeft UIInterfaceOrientationLandscapeRight";
				INFOPLIST_KEY_UISupportedInterfaceOrientations_iPhone = "UIInterfaceOrientationPortrait UIInterfaceOrientationLandscapeLeft UIInterfaceOrientationLandscapeRight";
				IPHONEOS_DEPLOYMENT_TARGET = 16.0;
				LD_RUNPATH_SEARCH_PATHS = (
					"$(inherited)",
					"@executable_path/Frameworks",
				);
				MARKETING_VERSION = 1.0;
				PRODUCT_BUNDLE_IDENTIFIER = "com.Junwoo.Jununu.Pyeon-Duck";
				PRODUCT_NAME = "$(TARGET_NAME)";
				SWIFT_EMIT_LOC_STRINGS = YES;
				SWIFT_VERSION = 5.0;
				TARGETED_DEVICE_FAMILY = "1,2";
			};
			name = Release;
		};
/* End XCBuildConfiguration section */

/* Begin XCConfigurationList section */
		4EB725F72B29DF9700B9990A /* Build configuration list for PBXProject "Pyeon-Duck" */ = {
			isa = XCConfigurationList;
			buildConfigurations = (
				4EB7260E2B29DF9800B9990A /* Debug */,
				4EB7260F2B29DF9800B9990A /* Release */,
			);
			defaultConfigurationIsVisible = 0;
			defaultConfigurationName = Release;
		};
		4EB726102B29DF9800B9990A /* Build configuration list for PBXNativeTarget "Pyeon-Duck" */ = {
			isa = XCConfigurationList;
			buildConfigurations = (
				4EB726112B29DF9800B9990A /* Debug */,
				4EB726122B29DF9800B9990A /* Release */,
			);
			defaultConfigurationIsVisible = 0;
			defaultConfigurationName = Release;
		};
/* End XCConfigurationList section */

/* Begin XCVersionGroup section */
		4E3D49B42B3590D500D4A1D1 /* Model.xcdatamodeld */ = {
			isa = XCVersionGroup;
			children = (
				4E3D49B52B3590D500D4A1D1 /* Model.xcdatamodel */,
			);
			currentVersion = 4E3D49B52B3590D500D4A1D1 /* Model.xcdatamodel */;
			path = Model.xcdatamodeld;
			sourceTree = "<group>";
			versionGroupType = wrapper.xcdatamodel;
		};
/* End XCVersionGroup section */
	};
	rootObject = 4EB725F42B29DF9700B9990A /* Project object */;
}
